
Microsoft Visual Studio Solution File, Format Version 12.00
# Visual Studio Version 17
VisualStudioVersion = 17.0.31717.71
MinimumVisualStudioVersion = 10.0.40219.1
Project("{9A19103F-16F7-4668-BE54-9A1E7A4F7556}") = "DemoUI", "DemoUI.csproj", "{12E13CD2-FD47-4A81-9C27-1321D005E7BB}"
EndProject
Global
	GlobalSection(SolutionConfigurationPlatforms) = preSolution
		Debug|Any CPU = Debug|Any CPU
		Release|Any CPU = Release|Any CPU
	EndGlobalSection
	GlobalSection(ProjectConfigurationPlatforms) = postSolution
		{12E13CD2-FD47-4A81-9C27-1321D005E7BB}.Debug|Any CPU.ActiveCfg = Debug|Any CPU
		{12E13CD2-FD47-4A81-9C27-1321D005E7BB}.Debug|Any CPU.Build.0 = Debug|Any CPU
		{12E13CD2-FD47-4A81-9C27-1321D005E7BB}.Release|Any CPU.ActiveCfg = Release|Any CPU
		{12E13CD2-FD47-4A81-9C27-1321D005E7BB}.Release|Any CPU.Build.0 = Release|Any CPU
	EndGlobalSection
	GlobalSection(SolutionProperties) = preSolution
		HideSolutionNode = FALSE
	EndGlobalSection
	GlobalSection(ExtensibilityGlobals) = postSolution
		SolutionGuid = {79647183-6020-4220-9C31-AD6800E2D2DB}
	EndGlobalSection
EndGlobal